{
  "name": "SPOTDRAFT_ASSIGNMENT",
  "lockfileVersion": 2,
  "requires": true,
  "packages": {
    "": {
      "dependencies": {
        "uuid": "^9.0.0"
      },
      "devDependencies": {
        "vite-plugin-rewrite-all": "^1.0.1"
      }
    },
    "node_modules/connect-history-api-fallback": {
      "version": "1.6.0",
      "resolved": "https://registry.npmjs.org/connect-history-api-fallback/-/connect-history-api-fallback-1.6.0.tgz",
      "integrity": "sha512-e54B99q/OUoH64zYYRf3HBP5z24G38h5D3qXu23JGRoigpX5Ss4r9ZnDk3g0Z8uQC2x2lPaJ+UlWBc1ZWBWdLg==",
      "dev": true,
      "engines": {
        "node": ">=0.8"
      }
    },
    "node_modules/uuid": {
      "version": "9.0.0",
      "resolved": "https://registry.npmjs.org/uuid/-/uuid-9.0.0.tgz",
      "integrity": "sha512-MXcSTerfPa4uqyzStbRoTgt5XIe3x5+42+q1sDuy3R5MDk66URdLMOZe5aPX/SQd+kuYAh0FdP/pO28IkQyTeg==",
      "bin": {
        "uuid": "dist/bin/uuid"
      }
    },
    "node_modules/vite-plugin-rewrite-all": {
      "version": "1.0.1",
      "resolved": "https://registry.npmjs.org/vite-plugin-rewrite-all/-/vite-plugin-rewrite-all-1.0.1.tgz",
      "integrity": "sha512-W0DAchC8ynuQH0lYLIu5/5+JGfYlUTRD8GGNtHFXRJX4FzzB9MajtqHBp26zq/ly9sDt5BqrfdT08rv3RbB0LQ==",
      "dev": true,
      "dependencies": {
        "connect-history-api-fallback": "^1.6.0"
      },
      "engines": {
        "node": ">=12.0.0"
      },
      "peerDependencies": {
        "vite": "^2.0.0 || ^3.0.0 || ^4.0.0"
      }
    }
  },
  "dependencies": {
    "connect-history-api-fallback": {
      "version": "1.6.0",
      "resolved": "https://registry.npmjs.org/connect-history-api-fallback/-/connect-history-api-fallback-1.6.0.tgz",
      "integrity": "sha512-e54B99q/OUoH64zYYRf3HBP5z24G38h5D3qXu23JGRoigpX5Ss4r9ZnDk3g0Z8uQC2x2lPaJ+UlWBc1ZWBWdLg==",
      "dev": true
    },
    "uuid": {
      "version": "9.0.0",
      "resolved": "https://registry.npmjs.org/uuid/-/uuid-9.0.0.tgz",
      "integrity": "sha512-MXcSTerfPa4uqyzStbRoTgt5XIe3x5+42+q1sDuy3R5MDk66URdLMOZe5aPX/SQd+kuYAh0FdP/pO28IkQyTeg=="
    },
    "vite-plugin-rewrite-all": {
      "version": "1.0.1",
      "resolved": "https://registry.npmjs.org/vite-plugin-rewrite-all/-/vite-plugin-rewrite-all-1.0.1.tgz",
      "integrity": "sha512-W0DAchC8ynuQH0lYLIu5/5+JGfYlUTRD8GGNtHFXRJX4FzzB9MajtqHBp26zq/ly9sDt5BqrfdT08rv3RbB0LQ==",
      "dev": true,
      "requires": {
        "connect-history-api-fallback": "^1.6.0"
      }
    }
  }
}
